PODS:
  - CircleProgressBar (0.32)
  - CTMediator (46)
  - HHTransition (3.0.2)
  - iOSDFULibrary (4.11.1):
    - ZIPFoundation (= 0.9.11)
  - Masonry (1.1.0)
  - MBProgressHUD (1.2.0)
  - MJRefresh (3.7.5)
  - MKBaseBleModule (1.1.1)
  - MKBaseModuleLibrary (1.1.4):
    - MKBaseModuleLibrary/Base (= 1.1.4)
    - MKBaseModuleLibrary/Category (= 1.1.4)
    - MKBaseModuleLibrary/Defines (= 1.1.4)
    - MKBaseModuleLibrary/Tools (= 1.1.4)
  - MKBaseModuleLibrary/Base (1.1.4):
    - MKBaseModuleLibrary/Base/Cell (= 1.1.4)
    - MKBaseModuleLibrary/Base/Controller (= 1.1.4)
    - MKBaseModuleLibrary/Base/NavigationController (= 1.1.4)
    - MKBaseModuleLibrary/Base/View (= 1.1.4)
  - MKBaseModuleLibrary/Base/Cell (1.1.4):
    - MKBaseModuleLibrary/Base/Cell/MKBaseCell (= 1.1.4)
  - MKBaseModuleLibrary/Base/Cell/MKBaseCell (1.1.4):
    - Masonry
    - MKBaseModuleLibrary/Defines
  - MKBaseModuleLibrary/Base/Controller (1.1.4):
    - MKBaseModuleLibrary/Category
    - MKBaseModuleLibrary/Defines
    - WRNavigationBar
  - MKBaseModuleLibrary/Base/NavigationController (1.1.4)
  - MKBaseModuleLibrary/Base/View (1.1.4):
    - MKBaseModuleLibrary/Base/View/CollectionView (= 1.1.4)
    - MKBaseModuleLibrary/Base/View/TableView (= 1.1.4)
  - MKBaseModuleLibrary/Base/View/CollectionView (1.1.4)
  - MKBaseModuleLibrary/Base/View/TableView (1.1.4)
  - MKBaseModuleLibrary/Category (1.1.4):
    - MKBaseModuleLibrary/Defines
    - MKBaseModuleLibrary/Tools/MKClassInfo
    - Toast
  - MKBaseModuleLibrary/Defines (1.1.4)
  - MKBaseModuleLibrary/Tools (1.1.4):
    - MKBaseModuleLibrary/Tools/MKClassInfo (= 1.1.4)
    - MKBaseModuleLibrary/Tools/MKDateFormatter (= 1.1.4)
    - MKBaseModuleLibrary/Tools/MKModuleManager (= 1.1.4)
  - MKBaseModuleLibrary/Tools/MKClassInfo (1.1.4)
  - MKBaseModuleLibrary/Tools/MKDateFormatter (1.1.4)
  - MKBaseModuleLibrary/Tools/MKModuleManager (1.1.4)
  - MKBeaconXButton (0.1.0):
    - MKBeaconXButton/ApplicationModule (= 0.1.0)
    - MKBeaconXButton/ConnectManager (= 0.1.0)
    - MKBeaconXButton/CTMediator (= 0.1.0)
    - MKBeaconXButton/Expand (= 0.1.0)
    - MKBeaconXButton/Functions (= 0.1.0)
    - MKBeaconXButton/SDK (= 0.1.0)
    - MKBeaconXButton/Target (= 0.1.0)
  - MKBeaconXButton/ApplicationModule (0.1.0):
    - MKBaseModuleLibrary
  - MKBeaconXButton/ConnectManager (0.1.0):
    - MKBaseModuleLibrary
    - MKBeaconXButton/SDK
  - MKBeaconXButton/CTMediator (0.1.0):
    - CTMediator
    - MKBaseModuleLibrary
  - MKBeaconXButton/Expand (0.1.0):
    - MKBaseModuleLibrary
    - MKBeaconXButton/Expand/View (= 0.1.0)
    - MKCustomUIModule
  - MKBeaconXButton/Expand/View (0.1.0):
    - MKBaseModuleLibrary
    - MKBeaconXButton/Expand/View/DeviceIDCell (= 0.1.0)
    - MKBeaconXButton/Expand/View/NTPickerView (= 0.1.0)
    - MKCustomUIModule
  - MKBeaconXButton/Expand/View/DeviceIDCell (0.1.0):
    - MKBaseModuleLibrary
    - MKCustomUIModule
  - MKBeaconXButton/Expand/View/NTPickerView (0.1.0):
    - MKBaseModuleLibrary
    - MKCustomUIModule
  - MKBeaconXButton/Functions (0.1.0):
    - HHTransition
    - MKBaseModuleLibrary
    - MKBeaconXButton/ConnectManager
    - MKBeaconXButton/CTMediator
    - MKBeaconXButton/Expand
    - MKBeaconXButton/Functions/AboutPage (= 0.1.0)
    - MKBeaconXButton/Functions/AccelerationPage (= 0.1.0)
    - MKBeaconXButton/Functions/AlarmDataExportPage (= 0.1.0)
    - MKBeaconXButton/Functions/AlarmEventPage (= 0.1.0)
    - MKBeaconXButton/Functions/AlarmModeConfigPage (= 0.1.0)
    - MKBeaconXButton/Functions/AlarmNotiTypePage (= 0.1.0)
    - MKBeaconXButton/Functions/AlarmPage (= 0.1.0)
    - MKBeaconXButton/Functions/DeviceInfoPage (= 0.1.0)
    - MKBeaconXButton/Functions/DevicePage (= 0.1.0)
    - MKBeaconXButton/Functions/DismissConfigPage (= 0.1.0)
    - MKBeaconXButton/Functions/PowerSavePage (= 0.1.0)
    - MKBeaconXButton/Functions/QuickSwitchPage (= 0.1.0)
    - MKBeaconXButton/Functions/RemoteReminderPage (= 0.1.0)
    - MKBeaconXButton/Functions/ScanPage (= 0.1.0)
    - MKBeaconXButton/Functions/SettingPage (= 0.1.0)
    - MKBeaconXButton/Functions/TabBarPage (= 0.1.0)
    - MKBeaconXButton/Functions/UpdatePage (= 0.1.0)
    - MKBeaconXButton/SDK
    - MKBeaconXCustomUI
    - MKCustomUIModule
    - MLInputDodger
  - MKBeaconXButton/Functions/AboutPage (0.1.0):
    - HHTransition
    - MKBaseModuleLibrary
    - MKBeaconXButton/ConnectManager
    - MKBeaconXButton/CTMediator
    - MKBeaconXButton/Expand
    - MKBeaconXButton/Functions/AboutPage/Controller (= 0.1.0)
    - MKBeaconXButton/SDK
    - MKBeaconXCustomUI
    - MKCustomUIModule
    - MLInputDodger
  - MKBeaconXButton/Functions/AboutPage/Controller (0.1.0):
    - HHTransition
    - MKBaseModuleLibrary
    - MKBeaconXButton/ConnectManager
    - MKBeaconXButton/CTMediator
    - MKBeaconXButton/Expand
    - MKBeaconXButton/SDK
    - MKBeaconXCustomUI
    - MKCustomUIModule
    - MLInputDodger
  - MKBeaconXButton/Functions/AccelerationPage (0.1.0):
    - HHTransition
    - MKBaseModuleLibrary
    - MKBeaconXButton/ConnectManager
    - MKBeaconXButton/CTMediator
    - MKBeaconXButton/Expand
    - MKBeaconXButton/Functions/AccelerationPage/Controller (= 0.1.0)
    - MKBeaconXButton/Functions/AccelerationPage/Model (= 0.1.0)
    - MKBeaconXButton/Functions/AccelerationPage/View (= 0.1.0)
    - MKBeaconXButton/SDK
    - MKBeaconXCustomUI
    - MKCustomUIModule
    - MLInputDodger
  - MKBeaconXButton/Functions/AccelerationPage/Controller (0.1.0):
    - HHTransition
    - MKBaseModuleLibrary
    - MKBeaconXButton/ConnectManager
    - MKBeaconXButton/CTMediator
    - MKBeaconXButton/Expand
    - MKBeaconXButton/Functions/AccelerationPage/Model
    - MKBeaconXButton/Functions/AccelerationPage/View
    - MKBeaconXButton/SDK
    - MKBeaconXCustomUI
    - MKCustomUIModule
    - MLInputDodger
  - MKBeaconXButton/Functions/AccelerationPage/Model (0.1.0):
    - HHTransition
    - MKBaseModuleLibrary
    - MKBeaconXButton/ConnectManager
    - MKBeaconXButton/CTMediator
    - MKBeaconXButton/Expand
    - MKBeaconXButton/SDK
    - MKBeaconXCustomUI
    - MKCustomUIModule
    - MLInputDodger
  - MKBeaconXButton/Functions/AccelerationPage/View (0.1.0):
    - HHTransition
    - MKBaseModuleLibrary
    - MKBeaconXButton/ConnectManager
    - MKBeaconXButton/CTMediator
    - MKBeaconXButton/Expand
    - MKBeaconXButton/SDK
    - MKBeaconXCustomUI
    - MKCustomUIModule
    - MLInputDodger
  - MKBeaconXButton/Functions/AlarmDataExportPage (0.1.0):
    - HHTransition
    - MKBaseModuleLibrary
    - MKBeaconXButton/ConnectManager
    - MKBeaconXButton/CTMediator
    - MKBeaconXButton/Expand
    - MKBeaconXButton/Functions/AlarmDataExportPage/Controller (= 0.1.0)
    - MKBeaconXButton/Functions/AlarmDataExportPage/View (= 0.1.0)
    - MKBeaconXButton/SDK
    - MKBeaconXCustomUI
    - MKCustomUIModule
    - MLInputDodger
  - MKBeaconXButton/Functions/AlarmDataExportPage/Controller (0.1.0):
    - HHTransition
    - MKBaseModuleLibrary
    - MKBeaconXButton/ConnectManager
    - MKBeaconXButton/CTMediator
    - MKBeaconXButton/Expand
    - MKBeaconXButton/Functions/AlarmDataExportPage/View
    - MKBeaconXButton/SDK
    - MKBeaconXCustomUI
    - MKCustomUIModule
    - MLInputDodger
  - MKBeaconXButton/Functions/AlarmDataExportPage/View (0.1.0):
    - HHTransition
    - MKBaseModuleLibrary
    - MKBeaconXButton/ConnectManager
    - MKBeaconXButton/CTMediator
    - MKBeaconXButton/Expand
    - MKBeaconXButton/SDK
    - MKBeaconXCustomUI
    - MKCustomUIModule
    - MLInputDodger
  - MKBeaconXButton/Functions/AlarmEventPage (0.1.0):
    - HHTransition
    - MKBaseModuleLibrary
    - MKBeaconXButton/ConnectManager
    - MKBeaconXButton/CTMediator
    - MKBeaconXButton/Expand
    - MKBeaconXButton/Functions/AlarmEventPage/Controller (= 0.1.0)
    - MKBeaconXButton/Functions/AlarmEventPage/Model (= 0.1.0)
    - MKBeaconXButton/Functions/AlarmEventPage/View (= 0.1.0)
    - MKBeaconXButton/SDK
    - MKBeaconXCustomUI
    - MKCustomUIModule
    - MLInputDodger
  - MKBeaconXButton/Functions/AlarmEventPage/Controller (0.1.0):
    - HHTransition
    - MKBaseModuleLibrary
    - MKBeaconXButton/ConnectManager
    - MKBeaconXButton/CTMediator
    - MKBeaconXButton/Expand
    - MKBeaconXButton/Functions/AlarmDataExportPage/Controller
    - MKBeaconXButton/Functions/AlarmEventPage/Model
    - MKBeaconXButton/Functions/AlarmEventPage/View
    - MKBeaconXButton/SDK
    - MKBeaconXCustomUI
    - MKCustomUIModule
    - MLInputDodger
  - MKBeaconXButton/Functions/AlarmEventPage/Model (0.1.0):
    - HHTransition
    - MKBaseModuleLibrary
    - MKBeaconXButton/ConnectManager
    - MKBeaconXButton/CTMediator
    - MKBeaconXButton/Expand
    - MKBeaconXButton/SDK
    - MKBeaconXCustomUI
    - MKCustomUIModule
    - MLInputDodger
  - MKBeaconXButton/Functions/AlarmEventPage/View (0.1.0):
    - HHTransition
    - MKBaseModuleLibrary
    - MKBeaconXButton/ConnectManager
    - MKBeaconXButton/CTMediator
    - MKBeaconXButton/Expand
    - MKBeaconXButton/SDK
    - MKBeaconXCustomUI
    - MKCustomUIModule
    - MLInputDodger
  - MKBeaconXButton/Functions/AlarmModeConfigPage (0.1.0):
    - HHTransition
    - MKBaseModuleLibrary
    - MKBeaconXButton/ConnectManager
    - MKBeaconXButton/CTMediator
    - MKBeaconXButton/Expand
    - MKBeaconXButton/Functions/AlarmModeConfigPage/Controller (= 0.1.0)
    - MKBeaconXButton/Functions/AlarmModeConfigPage/Model (= 0.1.0)
    - MKBeaconXButton/Functions/AlarmModeConfigPage/View (= 0.1.0)
    - MKBeaconXButton/SDK
    - MKBeaconXCustomUI
    - MKCustomUIModule
    - MLInputDodger
  - MKBeaconXButton/Functions/AlarmModeConfigPage/Controller (0.1.0):
    - HHTransition
    - MKBaseModuleLibrary
    - MKBeaconXButton/ConnectManager
    - MKBeaconXButton/CTMediator
    - MKBeaconXButton/Expand
    - MKBeaconXButton/Functions/AlarmModeConfigPage/Model
    - MKBeaconXButton/Functions/AlarmModeConfigPage/View
    - MKBeaconXButton/Functions/AlarmNotiTypePage/Controller
    - MKBeaconXButton/SDK
    - MKBeaconXCustomUI
    - MKCustomUIModule
    - MLInputDodger
  - MKBeaconXButton/Functions/AlarmModeConfigPage/Model (0.1.0):
    - HHTransition
    - MKBaseModuleLibrary
    - MKBeaconXButton/ConnectManager
    - MKBeaconXButton/CTMediator
    - MKBeaconXButton/Expand
    - MKBeaconXButton/SDK
    - MKBeaconXCustomUI
    - MKCustomUIModule
    - MLInputDodger
  - MKBeaconXButton/Functions/AlarmModeConfigPage/View (0.1.0):
    - HHTransition
    - MKBaseModuleLibrary
    - MKBeaconXButton/ConnectManager
    - MKBeaconXButton/CTMediator
    - MKBeaconXButton/Expand
    - MKBeaconXButton/SDK
    - MKBeaconXCustomUI
    - MKCustomUIModule
    - MLInputDodger
  - MKBeaconXButton/Functions/AlarmNotiTypePage (0.1.0):
    - HHTransition
    - MKBaseModuleLibrary
    - MKBeaconXButton/ConnectManager
    - MKBeaconXButton/CTMediator
    - MKBeaconXButton/Expand
    - MKBeaconXButton/Functions/AlarmNotiTypePage/Controller (= 0.1.0)
    - MKBeaconXButton/Functions/AlarmNotiTypePage/Model (= 0.1.0)
    - MKBeaconXButton/SDK
    - MKBeaconXCustomUI
    - MKCustomUIModule
    - MLInputDodger
  - MKBeaconXButton/Functions/AlarmNotiTypePage/Controller (0.1.0):
    - HHTransition
    - MKBaseModuleLibrary
    - MKBeaconXButton/ConnectManager
    - MKBeaconXButton/CTMediator
    - MKBeaconXButton/Expand
    - MKBeaconXButton/Functions/AlarmNotiTypePage/Model
    - MKBeaconXButton/SDK
    - MKBeaconXCustomUI
    - MKCustomUIModule
    - MLInputDodger
  - MKBeaconXButton/Functions/AlarmNotiTypePage/Model (0.1.0):
    - HHTransition
    - MKBaseModuleLibrary
    - MKBeaconXButton/ConnectManager
    - MKBeaconXButton/CTMediator
    - MKBeaconXButton/Expand
    - MKBeaconXButton/SDK
    - MKBeaconXCustomUI
    - MKCustomUIModule
    - MLInputDodger
  - MKBeaconXButton/Functions/AlarmPage (0.1.0):
    - HHTransition
    - MKBaseModuleLibrary
    - MKBeaconXButton/ConnectManager
    - MKBeaconXButton/CTMediator
    - MKBeaconXButton/Expand
    - MKBeaconXButton/Functions/AlarmPage/Controller (= 0.1.0)
    - MKBeaconXButton/Functions/AlarmPage/Model (= 0.1.0)
    - MKBeaconXButton/SDK
    - MKBeaconXCustomUI
    - MKCustomUIModule
    - MLInputDodger
  - MKBeaconXButton/Functions/AlarmPage/Controller (0.1.0):
    - HHTransition
    - MKBaseModuleLibrary
    - MKBeaconXButton/ConnectManager
    - MKBeaconXButton/CTMediator
    - MKBeaconXButton/Expand
    - MKBeaconXButton/Functions/AlarmModeConfigPage/Controller
    - MKBeaconXButton/Functions/AlarmPage/Model
    - MKBeaconXButton/SDK
    - MKBeaconXCustomUI
    - MKCustomUIModule
    - MLInputDodger
  - MKBeaconXButton/Functions/AlarmPage/Model (0.1.0):
    - HHTransition
    - MKBaseModuleLibrary
    - MKBeaconXButton/ConnectManager
    - MKBeaconXButton/CTMediator
    - MKBeaconXButton/Expand
    - MKBeaconXButton/SDK
    - MKBeaconXCustomUI
    - MKCustomUIModule
    - MLInputDodger
  - MKBeaconXButton/Functions/DeviceInfoPage (0.1.0):
    - HHTransition
    - MKBaseModuleLibrary
    - MKBeaconXButton/ConnectManager
    - MKBeaconXButton/CTMediator
    - MKBeaconXButton/Expand
    - MKBeaconXButton/Functions/DeviceInfoPage/Controller (= 0.1.0)
    - MKBeaconXButton/Functions/DeviceInfoPage/Model (= 0.1.0)
    - MKBeaconXButton/SDK
    - MKBeaconXCustomUI
    - MKCustomUIModule
    - MLInputDodger
  - MKBeaconXButton/Functions/DeviceInfoPage/Controller (0.1.0):
    - HHTransition
    - MKBaseModuleLibrary
    - MKBeaconXButton/ConnectManager
    - MKBeaconXButton/CTMediator
    - MKBeaconXButton/Expand
    - MKBeaconXButton/Functions/DeviceInfoPage/Model
    - MKBeaconXButton/SDK
    - MKBeaconXCustomUI
    - MKCustomUIModule
    - MLInputDodger
  - MKBeaconXButton/Functions/DeviceInfoPage/Model (0.1.0):
    - HHTransition
    - MKBaseModuleLibrary
    - MKBeaconXButton/ConnectManager
    - MKBeaconXButton/CTMediator
    - MKBeaconXButton/Expand
    - MKBeaconXButton/SDK
    - MKBeaconXCustomUI
    - MKCustomUIModule
    - MLInputDodger
  - MKBeaconXButton/Functions/DevicePage (0.1.0):
    - HHTransition
    - MKBaseModuleLibrary
    - MKBeaconXButton/ConnectManager
    - MKBeaconXButton/CTMediator
    - MKBeaconXButton/Expand
    - MKBeaconXButton/Functions/DevicePage/Controller (= 0.1.0)
    - MKBeaconXButton/Functions/DevicePage/Model (= 0.1.0)
    - MKBeaconXButton/SDK
    - MKBeaconXCustomUI
    - MKCustomUIModule
    - MLInputDodger
  - MKBeaconXButton/Functions/DevicePage/Controller (0.1.0):
    - HHTransition
    - MKBaseModuleLibrary
    - MKBeaconXButton/ConnectManager
    - MKBeaconXButton/CTMediator
    - MKBeaconXButton/Expand
    - MKBeaconXButton/Functions/DeviceInfoPage/Controller
    - MKBeaconXButton/Functions/DevicePage/Model
    - MKBeaconXButton/Functions/QuickSwitchPage/Controller
    - MKBeaconXButton/Functions/UpdatePage/Controller
    - MKBeaconXButton/SDK
    - MKBeaconXCustomUI
    - MKCustomUIModule
    - MLInputDodger
  - MKBeaconXButton/Functions/DevicePage/Model (0.1.0):
    - HHTransition
    - MKBaseModuleLibrary
    - MKBeaconXButton/ConnectManager
    - MKBeaconXButton/CTMediator
    - MKBeaconXButton/Expand
    - MKBeaconXButton/SDK
    - MKBeaconXCustomUI
    - MKCustomUIModule
    - MLInputDodger
  - MKBeaconXButton/Functions/DismissConfigPage (0.1.0):
    - HHTransition
    - MKBaseModuleLibrary
    - MKBeaconXButton/ConnectManager
    - MKBeaconXButton/CTMediator
    - MKBeaconXButton/Expand
    - MKBeaconXButton/Functions/DismissConfigPage/Controller (= 0.1.0)
    - MKBeaconXButton/Functions/DismissConfigPage/Model (= 0.1.0)
    - MKBeaconXButton/SDK
    - MKBeaconXCustomUI
    - MKCustomUIModule
    - MLInputDodger
  - MKBeaconXButton/Functions/DismissConfigPage/Controller (0.1.0):
    - HHTransition
    - MKBaseModuleLibrary
    - MKBeaconXButton/ConnectManager
    - MKBeaconXButton/CTMediator
    - MKBeaconXButton/Expand
    - MKBeaconXButton/Functions/DismissConfigPage/Model
    - MKBeaconXButton/SDK
    - MKBeaconXCustomUI
    - MKCustomUIModule
    - MLInputDodger
  - MKBeaconXButton/Functions/DismissConfigPage/Model (0.1.0):
    - HHTransition
    - MKBaseModuleLibrary
    - MKBeaconXButton/ConnectManager
    - MKBeaconXButton/CTMediator
    - MKBeaconXButton/Expand
    - MKBeaconXButton/SDK
    - MKBeaconXCustomUI
    - MKCustomUIModule
    - MLInputDodger
  - MKBeaconXButton/Functions/PowerSavePage (0.1.0):
    - HHTransition
    - MKBaseModuleLibrary
    - MKBeaconXButton/ConnectManager
    - MKBeaconXButton/CTMediator
    - MKBeaconXButton/Expand
    - MKBeaconXButton/Functions/PowerSavePage/Controller (= 0.1.0)
    - MKBeaconXButton/Functions/PowerSavePage/Model (= 0.1.0)
    - MKBeaconXButton/Functions/PowerSavePage/View (= 0.1.0)
    - MKBeaconXButton/SDK
    - MKBeaconXCustomUI
    - MKCustomUIModule
    - MLInputDodger
  - MKBeaconXButton/Functions/PowerSavePage/Controller (0.1.0):
    - HHTransition
    - MKBaseModuleLibrary
    - MKBeaconXButton/ConnectManager
    - MKBeaconXButton/CTMediator
    - MKBeaconXButton/Expand
    - MKBeaconXButton/Functions/PowerSavePage/Model
    - MKBeaconXButton/Functions/PowerSavePage/View
    - MKBeaconXButton/SDK
    - MKBeaconXCustomUI
    - MKCustomUIModule
    - MLInputDodger
  - MKBeaconXButton/Functions/PowerSavePage/Model (0.1.0):
    - HHTransition
    - MKBaseModuleLibrary
    - MKBeaconXButton/ConnectManager
    - MKBeaconXButton/CTMediator
    - MKBeaconXButton/Expand
    - MKBeaconXButton/SDK
    - MKBeaconXCustomUI
    - MKCustomUIModule
    - MLInputDodger
  - MKBeaconXButton/Functions/PowerSavePage/View (0.1.0):
    - HHTransition
    - MKBaseModuleLibrary
    - MKBeaconXButton/ConnectManager
    - MKBeaconXButton/CTMediator
    - MKBeaconXButton/Expand
    - MKBeaconXButton/SDK
    - MKBeaconXCustomUI
    - MKCustomUIModule
    - MLInputDodger
  - MKBeaconXButton/Functions/QuickSwitchPage (0.1.0):
    - HHTransition
    - MKBaseModuleLibrary
    - MKBeaconXButton/ConnectManager
    - MKBeaconXButton/CTMediator
    - MKBeaconXButton/Expand
    - MKBeaconXButton/Functions/QuickSwitchPage/Controller (= 0.1.0)
    - MKBeaconXButton/Functions/QuickSwitchPage/Model (= 0.1.0)
    - MKBeaconXButton/SDK
    - MKBeaconXCustomUI
    - MKCustomUIModule
    - MLInputDodger
  - MKBeaconXButton/Functions/QuickSwitchPage/Controller (0.1.0):
    - HHTransition
    - MKBaseModuleLibrary
    - MKBeaconXButton/ConnectManager
    - MKBeaconXButton/CTMediator
    - MKBeaconXButton/Expand
    - MKBeaconXButton/Functions/QuickSwitchPage/Model
    - MKBeaconXButton/SDK
    - MKBeaconXCustomUI
    - MKCustomUIModule
    - MLInputDodger
  - MKBeaconXButton/Functions/QuickSwitchPage/Model (0.1.0):
    - HHTransition
    - MKBaseModuleLibrary
    - MKBeaconXButton/ConnectManager
    - MKBeaconXButton/CTMediator
    - MKBeaconXButton/Expand
    - MKBeaconXButton/SDK
    - MKBeaconXCustomUI
    - MKCustomUIModule
    - MLInputDodger
  - MKBeaconXButton/Functions/RemoteReminderPage (0.1.0):
    - HHTransition
    - MKBaseModuleLibrary
    - MKBeaconXButton/ConnectManager
    - MKBeaconXButton/CTMediator
    - MKBeaconXButton/Expand
    - MKBeaconXButton/Functions/RemoteReminderPage/Controller (= 0.1.0)
    - MKBeaconXButton/Functions/RemoteReminderPage/Model (= 0.1.0)
    - MKBeaconXButton/Functions/RemoteReminderPage/View (= 0.1.0)
    - MKBeaconXButton/SDK
    - MKBeaconXCustomUI
    - MKCustomUIModule
    - MLInputDodger
  - MKBeaconXButton/Functions/RemoteReminderPage/Controller (0.1.0):
    - HHTransition
    - MKBaseModuleLibrary
    - MKBeaconXButton/ConnectManager
    - MKBeaconXButton/CTMediator
    - MKBeaconXButton/Expand
    - MKBeaconXButton/Functions/RemoteReminderPage/Model
    - MKBeaconXButton/Functions/RemoteReminderPage/View
    - MKBeaconXButton/SDK
    - MKBeaconXCustomUI
    - MKCustomUIModule
    - MLInputDodger
  - MKBeaconXButton/Functions/RemoteReminderPage/Model (0.1.0):
    - HHTransition
    - MKBaseModuleLibrary
    - MKBeaconXButton/ConnectManager
    - MKBeaconXButton/CTMediator
    - MKBeaconXButton/Expand
    - MKBeaconXButton/SDK
    - MKBeaconXCustomUI
    - MKCustomUIModule
    - MLInputDodger
  - MKBeaconXButton/Functions/RemoteReminderPage/View (0.1.0):
    - HHTransition
    - MKBaseModuleLibrary
    - MKBeaconXButton/ConnectManager
    - MKBeaconXButton/CTMediator
    - MKBeaconXButton/Expand
    - MKBeaconXButton/SDK
    - MKBeaconXCustomUI
    - MKCustomUIModule
    - MLInputDodger
  - MKBeaconXButton/Functions/ScanPage (0.1.0):
    - HHTransition
    - MKBaseModuleLibrary
    - MKBeaconXButton/ConnectManager
    - MKBeaconXButton/CTMediator
    - MKBeaconXButton/Expand
    - MKBeaconXButton/Functions/ScanPage/Adopter (= 0.1.0)
    - MKBeaconXButton/Functions/ScanPage/Controller (= 0.1.0)
    - MKBeaconXButton/Functions/ScanPage/Model (= 0.1.0)
    - MKBeaconXButton/Functions/ScanPage/View (= 0.1.0)
    - MKBeaconXButton/SDK
    - MKBeaconXCustomUI
    - MKCustomUIModule
    - MLInputDodger
  - MKBeaconXButton/Functions/ScanPage/Adopter (0.1.0):
    - HHTransition
    - MKBaseModuleLibrary
    - MKBeaconXButton/ConnectManager
    - MKBeaconXButton/CTMediator
    - MKBeaconXButton/Expand
    - MKBeaconXButton/Functions/ScanPage/Model
    - MKBeaconXButton/Functions/ScanPage/View
    - MKBeaconXButton/SDK
    - MKBeaconXCustomUI
    - MKCustomUIModule
    - MLInputDodger
  - MKBeaconXButton/Functions/ScanPage/Controller (0.1.0):
    - HHTransition
    - MKBaseModuleLibrary
    - MKBeaconXButton/ConnectManager
    - MKBeaconXButton/CTMediator
    - MKBeaconXButton/Expand
    - MKBeaconXButton/Functions/AboutPage/Controller
    - MKBeaconXButton/Functions/ScanPage/Adopter
    - MKBeaconXButton/Functions/ScanPage/Model
    - MKBeaconXButton/Functions/ScanPage/View
    - MKBeaconXButton/Functions/TabBarPage/Controller
    - MKBeaconXButton/SDK
    - MKBeaconXCustomUI
    - MKCustomUIModule
    - MLInputDodger
  - MKBeaconXButton/Functions/ScanPage/Model (0.1.0):
    - HHTransition
    - MKBaseModuleLibrary
    - MKBeaconXButton/ConnectManager
    - MKBeaconXButton/CTMediator
    - MKBeaconXButton/Expand
    - MKBeaconXButton/SDK
    - MKBeaconXCustomUI
    - MKCustomUIModule
    - MLInputDodger
  - MKBeaconXButton/Functions/ScanPage/View (0.1.0):
    - HHTransition
    - MKBaseModuleLibrary
    - MKBeaconXButton/ConnectManager
    - MKBeaconXButton/CTMediator
    - MKBeaconXButton/Expand
    - MKBeaconXButton/Functions/ScanPage/Model
    - MKBeaconXButton/SDK
    - MKBeaconXCustomUI
    - MKCustomUIModule
    - MLInputDodger
  - MKBeaconXButton/Functions/SettingPage (0.1.0):
    - HHTransition
    - MKBaseModuleLibrary
    - MKBeaconXButton/ConnectManager
    - MKBeaconXButton/CTMediator
    - MKBeaconXButton/Expand
    - MKBeaconXButton/Functions/SettingPage/Controller (= 0.1.0)
    - MKBeaconXButton/Functions/SettingPage/Model (= 0.1.0)
    - MKBeaconXButton/SDK
    - MKBeaconXCustomUI
    - MKCustomUIModule
    - MLInputDodger
  - MKBeaconXButton/Functions/SettingPage/Controller (0.1.0):
    - HHTransition
    - MKBaseModuleLibrary
    - MKBeaconXButton/ConnectManager
    - MKBeaconXButton/CTMediator
    - MKBeaconXButton/Expand
    - MKBeaconXButton/Functions/AccelerationPage/Controller
    - MKBeaconXButton/Functions/AlarmEventPage/Controller
    - MKBeaconXButton/Functions/DismissConfigPage/Controller
    - MKBeaconXButton/Functions/PowerSavePage/Controller
    - MKBeaconXButton/Functions/RemoteReminderPage/Controller
    - MKBeaconXButton/Functions/SettingPage/Model
    - MKBeaconXButton/SDK
    - MKBeaconXCustomUI
    - MKCustomUIModule
    - MLInputDodger
  - MKBeaconXButton/Functions/SettingPage/Model (0.1.0):
    - HHTransition
    - MKBaseModuleLibrary
    - MKBeaconXButton/ConnectManager
    - MKBeaconXButton/CTMediator
    - MKBeaconXButton/Expand
    - MKBeaconXButton/SDK
    - MKBeaconXCustomUI
    - MKCustomUIModule
    - MLInputDodger
  - MKBeaconXButton/Functions/TabBarPage (0.1.0):
    - HHTransition
    - MKBaseModuleLibrary
    - MKBeaconXButton/ConnectManager
    - MKBeaconXButton/CTMediator
    - MKBeaconXButton/Expand
    - MKBeaconXButton/Functions/TabBarPage/Controller (= 0.1.0)
    - MKBeaconXButton/SDK
    - MKBeaconXCustomUI
    - MKCustomUIModule
    - MLInputDodger
  - MKBeaconXButton/Functions/TabBarPage/Controller (0.1.0):
    - HHTransition
    - MKBaseModuleLibrary
    - MKBeaconXButton/ConnectManager
    - MKBeaconXButton/CTMediator
    - MKBeaconXButton/Expand
    - MKBeaconXButton/Functions/AlarmPage/Controller
    - MKBeaconXButton/Functions/DevicePage/Controller
    - MKBeaconXButton/Functions/SettingPage/Controller
    - MKBeaconXButton/SDK
    - MKBeaconXCustomUI
    - MKCustomUIModule
    - MLInputDodger
  - MKBeaconXButton/Functions/UpdatePage (0.1.0):
    - HHTransition
    - iOSDFULibrary
    - MKBaseModuleLibrary
    - MKBeaconXButton/ConnectManager
    - MKBeaconXButton/CTMediator
    - MKBeaconXButton/Expand
    - MKBeaconXButton/Functions/UpdatePage/Controller (= 0.1.0)
    - MKBeaconXButton/Functions/UpdatePage/Model (= 0.1.0)
    - MKBeaconXButton/SDK
    - MKBeaconXCustomUI
    - MKCustomUIModule
    - MLInputDodger
  - MKBeaconXButton/Functions/UpdatePage/Controller (0.1.0):
    - HHTransition
    - iOSDFULibrary
    - MKBaseModuleLibrary
    - MKBeaconXButton/ConnectManager
    - MKBeaconXButton/CTMediator
    - MKBeaconXButton/Expand
    - MKBeaconXButton/Functions/UpdatePage/Model
    - MKBeaconXButton/SDK
    - MKBeaconXCustomUI
    - MKCustomUIModule
    - MLInputDodger
  - MKBeaconXButton/Functions/UpdatePage/Model (0.1.0):
    - HHTransition
    - iOSDFULibrary
    - MKBaseModuleLibrary
    - MKBeaconXButton/ConnectManager
    - MKBeaconXButton/CTMediator
    - MKBeaconXButton/Expand
    - MKBeaconXButton/SDK
    - MKBeaconXCustomUI
    - MKCustomUIModule
    - MLInputDodger
  - MKBeaconXButton/SDK (0.1.0):
    - MKBaseBleModule
  - MKBeaconXButton/Target (0.1.0):
    - MKBeaconXButton/Functions
  - MKBeaconXCustomUI (1.0.4):
    - MKBaseModuleLibrary
    - MKBeaconXCustomUI/Defines (= 1.0.4)
    - MKBeaconXCustomUI/DeviceInfoPage (= 1.0.4)
    - MKBeaconXCustomUI/DFUPage (= 1.0.4)
    - MKBeaconXCustomUI/QuickSwitchCell (= 1.0.4)
    - MKBeaconXCustomUI/ScanUI (= 1.0.4)
    - MKBeaconXCustomUI/SlotAdopter (= 1.0.4)
    - MKBeaconXCustomUI/SlotConfig (= 1.0.4)
    - MKCustomUIModule
    - MLInputDodger
  - MKBeaconXCustomUI/Defines (1.0.4):
    - MKBaseModuleLibrary
    - MKCustomUIModule
    - MLInputDodger
  - MKBeaconXCustomUI/DeviceInfoPage (1.0.4):
    - MKBaseModuleLibrary
    - MKBeaconXCustomUI/DeviceInfoPage/Controller (= 1.0.4)
    - MKBeaconXCustomUI/DeviceInfoPage/Protocol (= 1.0.4)
    - MKCustomUIModule
    - MLInputDodger
  - MKBeaconXCustomUI/DeviceInfoPage/Controller (1.0.4):
    - MKBaseModuleLibrary
    - MKBeaconXCustomUI/DeviceInfoPage/Protocol
    - MKCustomUIModule
    - MLInputDodger
  - MKBeaconXCustomUI/DeviceInfoPage/Protocol (1.0.4):
    - MKBaseModuleLibrary
    - MKCustomUIModule
    - MLInputDodger
  - MKBeaconXCustomUI/DFUPage (1.0.4):
    - iOSDFULibrary
    - MKBaseModuleLibrary
    - MKBeaconXCustomUI/DFUPage/Controller (= 1.0.4)
    - MKBeaconXCustomUI/DFUPage/Model (= 1.0.4)
    - MKBeaconXCustomUI/DFUPage/Protocol (= 1.0.4)
    - MKCustomUIModule
    - MLInputDodger
  - MKBeaconXCustomUI/DFUPage/Controller (1.0.4):
    - iOSDFULibrary
    - MKBaseModuleLibrary
    - MKBeaconXCustomUI/DFUPage/Model
    - MKBeaconXCustomUI/DFUPage/Protocol
    - MKCustomUIModule
    - MLInputDodger
  - MKBeaconXCustomUI/DFUPage/Model (1.0.4):
    - iOSDFULibrary
    - MKBaseModuleLibrary
    - MKBeaconXCustomUI/DFUPage/Protocol
    - MKCustomUIModule
    - MLInputDodger
  - MKBeaconXCustomUI/DFUPage/Protocol (1.0.4):
    - iOSDFULibrary
    - MKBaseModuleLibrary
    - MKCustomUIModule
    - MLInputDodger
  - MKBeaconXCustomUI/QuickSwitchCell (1.0.4):
    - MKBaseModuleLibrary
    - MKCustomUIModule
    - MLInputDodger
  - MKBeaconXCustomUI/ScanUI (1.0.4):
    - MKBaseModuleLibrary
    - MKBeaconXCustomUI/ScanUI/Adopter (= 1.0.4)
    - MKBeaconXCustomUI/ScanUI/ScanCell (= 1.0.4)
    - MKBeaconXCustomUI/ScanUI/ScanFilterView (= 1.0.4)
    - MKBeaconXCustomUI/ScanUI/ScanSearchButton (= 1.0.4)
    - MKCustomUIModule
    - MLInputDodger
  - MKBeaconXCustomUI/ScanUI/Adopter (1.0.4):
    - MKBaseModuleLibrary
    - MKBeaconXCustomUI/ScanUI/ScanCell
    - MKCustomUIModule
    - MLInputDodger
  - MKBeaconXCustomUI/ScanUI/ScanCell (1.0.4):
    - MKBaseModuleLibrary
    - MKBeaconXCustomUI/ScanUI/ScanCell/ScanBeaconCell (= 1.0.4)
    - MKBeaconXCustomUI/ScanUI/ScanCell/ScanHTCell (= 1.0.4)
    - MKBeaconXCustomUI/ScanUI/ScanCell/ScanInfoCell (= 1.0.4)
    - MKBeaconXCustomUI/ScanUI/ScanCell/ScanThreeASensorCell (= 1.0.4)
    - MKBeaconXCustomUI/ScanUI/ScanCell/ScanTLMCell (= 1.0.4)
    - MKBeaconXCustomUI/ScanUI/ScanCell/ScanUIDCell (= 1.0.4)
    - MKBeaconXCustomUI/ScanUI/ScanCell/ScanURLCell (= 1.0.4)
    - MKCustomUIModule
    - MLInputDodger
  - MKBeaconXCustomUI/ScanUI/ScanCell/ScanBeaconCell (1.0.4):
    - MKBaseModuleLibrary
    - MKCustomUIModule
    - MLInputDodger
  - MKBeaconXCustomUI/ScanUI/ScanCell/ScanHTCell (1.0.4):
    - MKBaseModuleLibrary
    - MKCustomUIModule
    - MLInputDodger
  - MKBeaconXCustomUI/ScanUI/ScanCell/ScanInfoCell (1.0.4):
    - MKBaseModuleLibrary
    - MKCustomUIModule
    - MLInputDodger
  - MKBeaconXCustomUI/ScanUI/ScanCell/ScanThreeASensorCell (1.0.4):
    - MKBaseModuleLibrary
    - MKCustomUIModule
    - MLInputDodger
  - MKBeaconXCustomUI/ScanUI/ScanCell/ScanTLMCell (1.0.4):
    - MKBaseModuleLibrary
    - MKCustomUIModule
    - MLInputDodger
  - MKBeaconXCustomUI/ScanUI/ScanCell/ScanUIDCell (1.0.4):
    - MKBaseModuleLibrary
    - MKCustomUIModule
    - MLInputDodger
  - MKBeaconXCustomUI/ScanUI/ScanCell/ScanURLCell (1.0.4):
    - MKBaseModuleLibrary
    - MKCustomUIModule
    - MLInputDodger
  - MKBeaconXCustomUI/ScanUI/ScanFilterView (1.0.4):
    - MKBaseModuleLibrary
    - MKCustomUIModule
    - MLInputDodger
  - MKBeaconXCustomUI/ScanUI/ScanSearchButton (1.0.4):
    - MKBaseModuleLibrary
    - MKCustomUIModule
    - MLInputDodger
  - MKBeaconXCustomUI/SlotAdopter (1.0.4):
    - MKBaseModuleLibrary
    - MKBeaconXCustomUI/Defines
    - MKCustomUIModule
    - MLInputDodger
  - MKBeaconXCustomUI/SlotConfig (1.0.4):
    - MKBaseModuleLibrary
    - MKBeaconXCustomUI/SlotConfig/FrameTypePickView (= 1.0.4)
    - MKBeaconXCustomUI/SlotConfig/Protocol (= 1.0.4)
    - MKBeaconXCustomUI/SlotConfig/SlotConfigCell (= 1.0.4)
    - MKBeaconXCustomUI/SlotConfig/TriggerCell (= 1.0.4)
    - MKBeaconXCustomUI/SlotConfig/TriggerView (= 1.0.4)
    - MKCustomUIModule
    - MLInputDodger
  - MKBeaconXCustomUI/SlotConfig/FrameTypePickView (1.0.4):
    - MKBaseModuleLibrary
    - MKBeaconXCustomUI/Defines
    - MKCustomUIModule
    - MLInputDodger
  - MKBeaconXCustomUI/SlotConfig/Protocol (1.0.4):
    - MKBaseModuleLibrary
    - MKCustomUIModule
    - MLInputDodger
  - MKBeaconXCustomUI/SlotConfig/SlotConfigCell (1.0.4):
    - MKBaseModuleLibrary
    - MKBeaconXCustomUI/SlotAdopter
    - MKBeaconXCustomUI/SlotConfig/Protocol
    - MKBeaconXCustomUI/SlotConfig/SlotConfigCell/BeaconCell (= 1.0.4)
    - MKBeaconXCustomUI/SlotConfig/SlotConfigCell/DeviceInfoCell (= 1.0.4)
    - MKBeaconXCustomUI/SlotConfig/SlotConfigCell/UIDCell (= 1.0.4)
    - MKBeaconXCustomUI/SlotConfig/SlotConfigCell/URLCell (= 1.0.4)
    - MKCustomUIModule
    - MLInputDodger
  - MKBeaconXCustomUI/SlotConfig/SlotConfigCell/BeaconCell (1.0.4):
    - MKBaseModuleLibrary
    - MKBeaconXCustomUI/SlotAdopter
    - MKBeaconXCustomUI/SlotConfig/Protocol
    - MKCustomUIModule
    - MLInputDodger
  - MKBeaconXCustomUI/SlotConfig/SlotConfigCell/DeviceInfoCell (1.0.4):
    - MKBaseModuleLibrary
    - MKBeaconXCustomUI/SlotAdopter
    - MKBeaconXCustomUI/SlotConfig/Protocol
    - MKCustomUIModule
    - MLInputDodger
  - MKBeaconXCustomUI/SlotConfig/SlotConfigCell/UIDCell (1.0.4):
    - MKBaseModuleLibrary
    - MKBeaconXCustomUI/SlotAdopter
    - MKBeaconXCustomUI/SlotConfig/Protocol
    - MKCustomUIModule
    - MLInputDodger
  - MKBeaconXCustomUI/SlotConfig/SlotConfigCell/URLCell (1.0.4):
    - MKBaseModuleLibrary
    - MKBeaconXCustomUI/SlotAdopter
    - MKBeaconXCustomUI/SlotConfig/Protocol
    - MKCustomUIModule
    - MLInputDodger
  - MKBeaconXCustomUI/SlotConfig/TriggerCell (1.0.4):
    - MKBaseModuleLibrary
    - MKBeaconXCustomUI/SlotConfig/Protocol
    - MKBeaconXCustomUI/SlotConfig/TriggerView
    - MKCustomUIModule
    - MLInputDodger
  - MKBeaconXCustomUI/SlotConfig/TriggerView (1.0.4):
    - MKBaseModuleLibrary
    - MKCustomUIModule
    - MLInputDodger
  - MKCustomUIModule (1.4.0):
    - CircleProgressBar
    - Masonry
    - MBProgressHUD
    - MJRefresh
    - MKBaseModuleLibrary
    - MKCustomUIModule/Cell (= 1.4.0)
    - MKCustomUIModule/Controller (= 1.4.0)
    - MKCustomUIModule/MQTTServerView (= 1.4.0)
    - MKCustomUIModule/UIAdopter (= 1.4.0)
    - MKCustomUIModule/View (= 1.4.0)
  - MKCustomUIModule/Cell (1.4.0):
    - CircleProgressBar
    - Masonry
    - MBProgressHUD
    - MJRefresh
    - MKBaseModuleLibrary
    - MKCustomUIModule/Cell/LoRaCell (= 1.4.0)
    - MKCustomUIModule/Cell/NormalCell (= 1.4.0)
  - MKCustomUIModule/Cell/LoRaCell (1.4.0):
    - CircleProgressBar
    - Masonry
    - MBProgressHUD
    - MJRefresh
    - MKBaseModuleLibrary
    - MKCustomUIModule/Cell/LoRaCell/MKAdvancedSettingCell (= 1.4.0)
    - MKCustomUIModule/Cell/LoRaCell/MKFilterConditionCell (= 1.4.0)
    - MKCustomUIModule/Cell/LoRaCell/MKFilterDataCell (= 1.4.0)
    - MKCustomUIModule/Cell/LoRaCell/MKFilterRawAdvDataCell (= 1.4.0)
    - MKCustomUIModule/Cell/LoRaCell/MKLoraDeviceTypeCell (= 1.4.0)
    - MKCustomUIModule/Cell/LoRaCell/MKLoRaSettingCHCell (= 1.4.0)
    - MKCustomUIModule/Cell/LoRaCell/MKMeasureTxPowerCell (= 1.4.0)
    - MKCustomUIModule/Cell/LoRaCell/MKMixedChoiceCell (= 1.4.0)
    - MKCustomUIModule/Cell/LoRaCell/MKRawAdvDataOperationCell (= 1.4.0)
  - MKCustomUIModule/Cell/LoRaCell/MKAdvancedSettingCell (1.4.0):
    - CircleProgressBar
    - Masonry
    - MBProgressHUD
    - MJRefresh
    - MKBaseModuleLibrary
  - MKCustomUIModule/Cell/LoRaCell/MKFilterConditionCell (1.4.0):
    - CircleProgressBar
    - Masonry
    - MBProgressHUD
    - MJRefresh
    - MKBaseModuleLibrary
    - MKCustomUIModule/UIAdopter
    - MKCustomUIModule/View/MKPickerView
  - MKCustomUIModule/Cell/LoRaCell/MKFilterDataCell (1.4.0):
    - CircleProgressBar
    - Masonry
    - MBProgressHUD
    - MJRefresh
    - MKBaseModuleLibrary
    - MKCustomUIModule/View/MKTextField
  - MKCustomUIModule/Cell/LoRaCell/MKFilterRawAdvDataCell (1.4.0):
    - CircleProgressBar
    - Masonry
    - MBProgressHUD
    - MJRefresh
    - MKBaseModuleLibrary
    - MKCustomUIModule/View/MKTextField
  - MKCustomUIModule/Cell/LoRaCell/MKLoraDeviceTypeCell (1.4.0):
    - CircleProgressBar
    - Masonry
    - MBProgressHUD
    - MJRefresh
    - MKBaseModuleLibrary
  - MKCustomUIModule/Cell/LoRaCell/MKLoRaSettingCHCell (1.4.0):
    - CircleProgressBar
    - Masonry
    - MBProgressHUD
    - MJRefresh
    - MKBaseModuleLibrary
    - MKCustomUIModule/View/MKPickerView
  - MKCustomUIModule/Cell/LoRaCell/MKMeasureTxPowerCell (1.4.0):
    - CircleProgressBar
    - Masonry
    - MBProgressHUD
    - MJRefresh
    - MKBaseModuleLibrary
    - MKCustomUIModule/UIAdopter
    - MKCustomUIModule/View/MKSlider
  - MKCustomUIModule/Cell/LoRaCell/MKMixedChoiceCell (1.4.0):
    - CircleProgressBar
    - Masonry
    - MBProgressHUD
    - MJRefresh
    - MKBaseModuleLibrary
  - MKCustomUIModule/Cell/LoRaCell/MKRawAdvDataOperationCell (1.4.0):
    - CircleProgressBar
    - Masonry
    - MBProgressHUD
    - MJRefresh
    - MKBaseModuleLibrary
  - MKCustomUIModule/Cell/NormalCell (1.4.0):
    - CircleProgressBar
    - Masonry
    - MBProgressHUD
    - MJRefresh
    - MKBaseModuleLibrary
    - MKCustomUIModule/Cell/NormalCell/MKNormalSliderCell (= 1.4.0)
    - MKCustomUIModule/Cell/NormalCell/MKNormalTextCell (= 1.4.0)
    - MKCustomUIModule/Cell/NormalCell/MKSettingTextCell (= 1.4.0)
    - MKCustomUIModule/Cell/NormalCell/MKTextButtonCell (= 1.4.0)
    - MKCustomUIModule/Cell/NormalCell/MKTextFieldCell (= 1.4.0)
    - MKCustomUIModule/Cell/NormalCell/MKTextSwitchCell (= 1.4.0)
  - MKCustomUIModule/Cell/NormalCell/MKNormalSliderCell (1.4.0):
    - CircleProgressBar
    - Masonry
    - MBProgressHUD
    - MJRefresh
    - MKBaseModuleLibrary
    - MKCustomUIModule/UIAdopter
    - MKCustomUIModule/View/MKSlider
  - MKCustomUIModule/Cell/NormalCell/MKNormalTextCell (1.4.0):
    - CircleProgressBar
    - Masonry
    - MBProgressHUD
    - MJRefresh
    - MKBaseModuleLibrary
  - MKCustomUIModule/Cell/NormalCell/MKSettingTextCell (1.4.0):
    - CircleProgressBar
    - Masonry
    - MBProgressHUD
    - MJRefresh
    - MKBaseModuleLibrary
  - MKCustomUIModule/Cell/NormalCell/MKTextButtonCell (1.4.0):
    - CircleProgressBar
    - Masonry
    - MBProgressHUD
    - MJRefresh
    - MKBaseModuleLibrary
    - MKCustomUIModule/View/MKPickerView
  - MKCustomUIModule/Cell/NormalCell/MKTextFieldCell (1.4.0):
    - CircleProgressBar
    - Masonry
    - MBProgressHUD
    - MJRefresh
    - MKBaseModuleLibrary
    - MKCustomUIModule/View/MKTextField
  - MKCustomUIModule/Cell/NormalCell/MKTextSwitchCell (1.4.0):
    - CircleProgressBar
    - Masonry
    - MBProgressHUD
    - MJRefresh
    - MKBaseModuleLibrary
  - MKCustomUIModule/Controller (1.4.0):
    - CircleProgressBar
    - Masonry
    - MBProgressHUD
    - MJRefresh
    - MKBaseModuleLibrary
    - MKCustomUIModule/Controller/CASelectPage (= 1.4.0)
    - MKCustomUIModule/Controller/MKAboutPage (= 1.4.0)
    - MKCustomUIModule/Controller/MKAlertController (= 1.4.0)
    - MKCustomUIModule/Controller/MKTrackerAboutPage (= 1.4.0)
    - MKCustomUIModule/Controller/MKTrackerLogPage (= 1.4.0)
  - MKCustomUIModule/Controller/CASelectPage (1.4.0):
    - CircleProgressBar
    - Masonry
    - MBProgressHUD
    - MJRefresh
    - MKBaseModuleLibrary
    - MKCustomUIModule/Controller/CASelectPage/Controller (= 1.4.0)
  - MKCustomUIModule/Controller/CASelectPage/Controller (1.4.0):
    - CircleProgressBar
    - Masonry
    - MBProgressHUD
    - MJRefresh
    - MKBaseModuleLibrary
    - MKCustomUIModule/Cell/NormalCell/MKNormalTextCell
  - MKCustomUIModule/Controller/MKAboutPage (1.4.0):
    - CircleProgressBar
    - Masonry
    - MBProgressHUD
    - MJRefresh
    - MKBaseModuleLibrary
    - MKCustomUIModule/Controller/MKAboutPage/Controller (= 1.4.0)
    - MKCustomUIModule/Controller/MKAboutPage/Model (= 1.4.0)
    - MKCustomUIModule/Controller/MKAboutPage/View (= 1.4.0)
  - MKCustomUIModule/Controller/MKAboutPage/Controller (1.4.0):
    - CircleProgressBar
    - Masonry
    - MBProgressHUD
    - MJRefresh
    - MKBaseModuleLibrary
    - MKCustomUIModule/Controller/MKAboutPage/Model
    - MKCustomUIModule/Controller/MKAboutPage/View
  - MKCustomUIModule/Controller/MKAboutPage/Model (1.4.0):
    - CircleProgressBar
    - Masonry
    - MBProgressHUD
    - MJRefresh
    - MKBaseModuleLibrary
  - MKCustomUIModule/Controller/MKAboutPage/View (1.4.0):
    - CircleProgressBar
    - Masonry
    - MBProgressHUD
    - MJRefresh
    - MKBaseModuleLibrary
    - MKCustomUIModule/Controller/MKAboutPage/Model
  - MKCustomUIModule/Controller/MKAlertController (1.4.0):
    - CircleProgressBar
    - Masonry
    - MBProgressHUD
    - MJRefresh
    - MKBaseModuleLibrary
  - MKCustomUIModule/Controller/MKTrackerAboutPage (1.4.0):
    - CircleProgressBar
    - Masonry
    - MBProgressHUD
    - MJRefresh
    - MKBaseModuleLibrary
    - MKCustomUIModule/Controller/MKTrackerAboutPage/Controller (= 1.4.0)
  - MKCustomUIModule/Controller/MKTrackerAboutPage/Controller (1.4.0):
    - CircleProgressBar
    - Masonry
    - MBProgressHUD
    - MJRefresh
    - MKBaseModuleLibrary
  - MKCustomUIModule/Controller/MKTrackerLogPage (1.4.0):
    - CircleProgressBar
    - Masonry
    - MBProgressHUD
    - MJRefresh
    - MKBaseModuleLibrary
    - MKCustomUIModule/Controller/MKTrackerLogPage/Controller (= 1.4.0)
  - MKCustomUIModule/Controller/MKTrackerLogPage/Controller (1.4.0):
    - CircleProgressBar
    - Masonry
    - MBProgressHUD
    - MJRefresh
    - MKBaseModuleLibrary
  - MKCustomUIModule/MQTTServerView (1.4.0):
    - CircleProgressBar
    - Masonry
    - MBProgressHUD
    - MJRefresh
    - MKBaseModuleLibrary
    - MKCustomUIModule/MQTTServerView/GeneralParams (= 1.4.0)
    - MKCustomUIModule/MQTTServerView/SSL (= 1.4.0)
    - MKCustomUIModule/MQTTServerView/UserCredentials (= 1.4.0)
  - MKCustomUIModule/MQTTServerView/GeneralParams (1.4.0):
    - CircleProgressBar
    - Masonry
    - MBProgressHUD
    - MJRefresh
    - MKBaseModuleLibrary
    - MKCustomUIModule/View/MKTextField
  - MKCustomUIModule/MQTTServerView/SSL (1.4.0):
    - CircleProgressBar
    - Masonry
    - MBProgressHUD
    - MJRefresh
    - MKBaseModuleLibrary
  - MKCustomUIModule/MQTTServerView/UserCredentials (1.4.0):
    - CircleProgressBar
    - Masonry
    - MBProgressHUD
    - MJRefresh
    - MKBaseModuleLibrary
    - MKCustomUIModule/View/MKTextField
  - MKCustomUIModule/UIAdopter (1.4.0):
    - CircleProgressBar
    - Masonry
    - MBProgressHUD
    - MJRefresh
    - MKBaseModuleLibrary
    - MKCustomUIModule/View
  - MKCustomUIModule/View (1.4.0):
    - CircleProgressBar
    - Masonry
    - MBProgressHUD
    - MJRefresh
    - MKBaseModuleLibrary
    - MKCustomUIModule/View/HaveRefreshView (= 1.4.0)
    - MKCustomUIModule/View/MKHexKeyBoard (= 1.4.0)
    - MKCustomUIModule/View/MKHudManager (= 1.4.0)
    - MKCustomUIModule/View/MKPageControl (= 1.4.0)
    - MKCustomUIModule/View/MKPickerView (= 1.4.0)
    - MKCustomUIModule/View/MKProgressView (= 1.4.0)
    - MKCustomUIModule/View/MKSearchButton (= 1.4.0)
    - MKCustomUIModule/View/MKSearchConditionsView (= 1.4.0)
    - MKCustomUIModule/View/MKSlider (= 1.4.0)
    - MKCustomUIModule/View/MKTableSectionHeader (= 1.4.0)
    - MKCustomUIModule/View/MKTextField (= 1.4.0)
    - MKCustomUIModule/View/NirKxMenu (= 1.4.0)
    - MKCustomUIModule/View/WifiAlertView (= 1.4.0)
  - MKCustomUIModule/View/HaveRefreshView (1.4.0):
    - CircleProgressBar
    - Masonry
    - MBProgressHUD
    - MJRefresh
    - MKBaseModuleLibrary
  - MKCustomUIModule/View/MKHexKeyBoard (1.4.0):
    - CircleProgressBar
    - Masonry
    - MBProgressHUD
    - MJRefresh
    - MKBaseModuleLibrary
  - MKCustomUIModule/View/MKHudManager (1.4.0):
    - CircleProgressBar
    - Masonry
    - MBProgressHUD
    - MJRefresh
    - MKBaseModuleLibrary
  - MKCustomUIModule/View/MKPageControl (1.4.0):
    - CircleProgressBar
    - Masonry
    - MBProgressHUD
    - MJRefresh
    - MKBaseModuleLibrary
  - MKCustomUIModule/View/MKPickerView (1.4.0):
    - CircleProgressBar
    - Masonry
    - MBProgressHUD
    - MJRefresh
    - MKBaseModuleLibrary
  - MKCustomUIModule/View/MKProgressView (1.4.0):
    - CircleProgressBar
    - Masonry
    - MBProgressHUD
    - MJRefresh
    - MKBaseModuleLibrary
  - MKCustomUIModule/View/MKSearchButton (1.4.0):
    - CircleProgressBar
    - Masonry
    - MBProgressHUD
    - MJRefresh
    - MKBaseModuleLibrary
  - MKCustomUIModule/View/MKSearchConditionsView (1.4.0):
    - CircleProgressBar
    - Masonry
    - MBProgressHUD
    - MJRefresh
    - MKBaseModuleLibrary
    - MKCustomUIModule/View/MKSlider
  - MKCustomUIModule/View/MKSlider (1.4.0):
    - CircleProgressBar
    - Masonry
    - MBProgressHUD
    - MJRefresh
    - MKBaseModuleLibrary
  - MKCustomUIModule/View/MKTableSectionHeader (1.4.0):
    - CircleProgressBar
    - Masonry
    - MBProgressHUD
    - MJRefresh
    - MKBaseModuleLibrary
  - MKCustomUIModule/View/MKTextField (1.4.0):
    - CircleProgressBar
    - Masonry
    - MBProgressHUD
    - MJRefresh
    - MKBaseModuleLibrary
  - MKCustomUIModule/View/NirKxMenu (1.4.0):
    - CircleProgressBar
    - Masonry
    - MBProgressHUD
    - MJRefresh
    - MKBaseModuleLibrary
  - MKCustomUIModule/View/WifiAlertView (1.4.0):
    - CircleProgressBar
    - Masonry
    - MBProgressHUD
    - MJRefresh
    - MKBaseModuleLibrary
    - MKCustomUIModule/View/MKTextField
  - MLInputDodger (1.5.2)
  - Toast (4.0.0)
  - WRNavigationBar (1.4.0)
  - ZIPFoundation (0.9.11)

DEPENDENCIES:
  - MKBeaconXButton (from `../`)

SPEC REPOS:
  https://github.com/CocoaPods/Specs.git:
    - CircleProgressBar
    - CTMediator
    - HHTransition
    - iOSDFULibrary
    - Masonry
    - MBProgressHUD
    - MJRefresh
    - MKBaseBleModule
    - MKBaseModuleLibrary
    - MKBeaconXCustomUI
    - MKCustomUIModule
    - MLInputDodger
    - Toast
    - WRNavigationBar
    - ZIPFoundation

EXTERNAL SOURCES:
  MKBeaconXButton:
    :path: "../"

SPEC CHECKSUMS:
  CircleProgressBar: 3920079be5224b62b3d9ed6eeb23ac01c835b681
  CTMediator: f1cf58d509fb3192086c367711f039efd769b907
  HHTransition: ca5035c126a6a2dc1eb9a90d084013784bf4bf0a
  iOSDFULibrary: 3500ac00451aa7d8ec48a752e91099669a2c1d27
  Masonry: 678fab65091a9290e40e2832a55e7ab731aad201
  MBProgressHUD: 3ee5efcc380f6a79a7cc9b363dd669c5e1ae7406
  MJRefresh: fdf5e979eb406a0341468932d1dfc8b7f9fce961
  MKBaseBleModule: 6019b69cf3c5a220b1cfe18e71e1e5e63f4757da
  MKBaseModuleLibrary: 859013194f81daa5f8a7a777ce88bf58cd3b5919
  MKBeaconXButton: ee5a4f64744c74290dff067b6d460e0134d7efed
  MKBeaconXCustomUI: 29eda37d0b6436a16e3e2e64278726a4a9bbaa67
  MKCustomUIModule: 91646517fc7a90d94dd5578d119fec38d67d6a90
  MLInputDodger: 79a0e420a80d0d3bba122bf2639603cc76609ba8
  Toast: 91b396c56ee72a5790816f40d3a94dd357abc196
  WRNavigationBar: 10bfdf96addf14d640d07c2ef08a029c18d8af10
  ZIPFoundation: b1f0de4eed33e74a676f76e12559ab6b75990197

PODFILE CHECKSUM: cdcdf13f0e8e19ca48e7fc1cdefd966911f096f2

COCOAPODS: 1.10.0.rc.1
